
Microsoft Visual Studio Solution File, Format Version 12.00
# Visual Studio Version 17
VisualStudioVersion = 17.3.32825.248
MinimumVisualStudioVersion = 10.0.40219.1
Project("{FAE04EC0-301F-11D3-BF4B-00C04F79EFBC}") = "TP1-ORM-Presentation", "TP1-ORM_Damico_Claudio\TP1-ORM-Presentation.csproj", "{56E6DCED-E881-488F-92A0-18A43FD83916}"
EndProject
Project("{FAE04EC0-301F-11D3-BF4B-00C04F79EFBC}") = "TP1-ORM-AccessData", "TP1-ORM-AccessData\TP1-ORM-AccessData.csproj", "{280726BB-C5E5-4795-B6B7-6A9303CEDF0F}"
EndProject
Project("{FAE04EC0-301F-11D3-BF4B-00C04F79EFBC}") = "TP1-ORM-Core", "TP1-ORM-Core\TP1-ORM-Core.csproj", "{C6650BF5-D34E-4609-8D07-EC6D40587B77}"
EndProject
Global
	GlobalSection(SolutionConfigurationPlatforms) = preSolution
		Debug|Any CPU = Debug|Any CPU
		Release|Any CPU = Release|Any CPU
	EndGlobalSection
	GlobalSection(ProjectConfigurationPlatforms) = postSolution
		{56E6DCED-E881-488F-92A0-18A43FD83916}.Debug|Any CPU.ActiveCfg = Debug|Any CPU
		{56E6DCED-E881-488F-92A0-18A43FD83916}.Debug|Any CPU.Build.0 = Debug|Any CPU
		{56E6DCED-E881-488F-92A0-18A43FD83916}.Release|Any CPU.ActiveCfg = Release|Any CPU
		{56E6DCED-E881-488F-92A0-18A43FD83916}.Release|Any CPU.Build.0 = Release|Any CPU
		{280726BB-C5E5-4795-B6B7-6A9303CEDF0F}.Debug|Any CPU.ActiveCfg = Debug|Any CPU
		{280726BB-C5E5-4795-B6B7-6A9303CEDF0F}.Debug|Any CPU.Build.0 = Debug|Any CPU
		{280726BB-C5E5-4795-B6B7-6A9303CEDF0F}.Release|Any CPU.ActiveCfg = Release|Any CPU
		{280726BB-C5E5-4795-B6B7-6A9303CEDF0F}.Release|Any CPU.Build.0 = Release|Any CPU
		{C6650BF5-D34E-4609-8D07-EC6D40587B77}.Debug|Any CPU.ActiveCfg = Debug|Any CPU
		{C6650BF5-D34E-4609-8D07-EC6D40587B77}.Debug|Any CPU.Build.0 = Debug|Any CPU
		{C6650BF5-D34E-4609-8D07-EC6D40587B77}.Release|Any CPU.ActiveCfg = Release|Any CPU
		{C6650BF5-D34E-4609-8D07-EC6D40587B77}.Release|Any CPU.Build.0 = Release|Any CPU
	EndGlobalSection
	GlobalSection(SolutionProperties) = preSolution
		HideSolutionNode = FALSE
	EndGlobalSection
	GlobalSection(ExtensibilityGlobals) = postSolution
		SolutionGuid = {CB878E0A-1D05-4CCA-8F6B-3E1EA38F5E18}
	EndGlobalSection
EndGlobal
